// !$*UTF8*$!
{
	archiveVersion = 1;
	classes = {
	};
	objectVersion = 50;
	objects = {

/* Begin PBXBuildFile section */
		0422509E265DC87500E63012 /* HistorialResultadosVC.swift in Sources */ = {isa = PBXBuildFile; fileRef = 0422509D265DC87500E63012 /* HistorialResultadosVC.swift */; };
		042250A4265DCC8800E63012 /* ResultCell.swift in Sources */ = {isa = PBXBuildFile; fileRef = 042250A3265DCC8800E63012 /* ResultCell.swift */; };
		042250A8265DD12E00E63012 /* JuegosVC.swift in Sources */ = {isa = PBXBuildFile; fileRef = 042250A7265DD12E00E63012 /* JuegosVC.swift */; };
		04316BD1265F100900B3D353 /* ConfiguracionVC.swift in Sources */ = {isa = PBXBuildFile; fileRef = 04316BD0265F100900B3D353 /* ConfiguracionVC.swift */; };
		04D03E66265DB35D00F93611 /* EditarPerfilVC.swift in Sources */ = {isa = PBXBuildFile; fileRef = 04D03E65265DB35D00F93611 /* EditarPerfilVC.swift */; };
		6B0F6B7E264E295300BB4CEB /* view.swift in Sources */ = {isa = PBXBuildFile; fileRef = 6B0F6B7D264E295300BB4CEB /* view.swift */; };
		6B456F7B264E459000A6F577 /* InstructionsViewController.swift in Sources */ = {isa = PBXBuildFile; fileRef = 6B456F7A264E459000A6F577 /* InstructionsViewController.swift */; };
		6B9772F7262DC22D007DDEDF /* AppDelegate.swift in Sources */ = {isa = PBXBuildFile; fileRef = 6B9772F6262DC22D007DDEDF /* AppDelegate.swift */; };
		6B9772F9262DC22D007DDEDF /* SceneDelegate.swift in Sources */ = {isa = PBXBuildFile; fileRef = 6B9772F8262DC22D007DDEDF /* SceneDelegate.swift */; };
		6B9772FB262DC22D007DDEDF /* MenuController.swift in Sources */ = {isa = PBXBuildFile; fileRef = 6B9772FA262DC22D007DDEDF /* MenuController.swift */; };
		6B9772FE262DC22D007DDEDF /* Main.storyboard in Resources */ = {isa = PBXBuildFile; fileRef = 6B9772FC262DC22D007DDEDF /* Main.storyboard */; };
		6B977300262DC22D007DDEDF /* Assets.xcassets in Resources */ = {isa = PBXBuildFile; fileRef = 6B9772FF262DC22D007DDEDF /* Assets.xcassets */; };
		6B977303262DC22D007DDEDF /* LaunchScreen.storyboard in Resources */ = {isa = PBXBuildFile; fileRef = 6B977301262DC22D007DDEDF /* LaunchScreen.storyboard */; };
		6BC13D3026313793007D7E44 /* agudas.plist in Resources */ = {isa = PBXBuildFile; fileRef = 6BC13D2F26313793007D7E44 /* agudas.plist */; };
		6BC13D3826313D2C007D7E44 /* AccentDetail.swift in Sources */ = {isa = PBXBuildFile; fileRef = 6BC13D3726313D2C007D7E44 /* AccentDetail.swift */; };
		6BC13D3C26314365007D7E44 /* TrueFalse.swift in Sources */ = {isa = PBXBuildFile; fileRef = 6BC13D3B26314365007D7E44 /* TrueFalse.swift */; };
		6BC13D432631438B007D7E44 /* Checklist.swift in Sources */ = {isa = PBXBuildFile; fileRef = 6BC13D422631438B007D7E44 /* Checklist.swift */; };
		6BC13D4626314394007D7E44 /* Relate.swift in Sources */ = {isa = PBXBuildFile; fileRef = 6BC13D4526314394007D7E44 /* Relate.swift */; };
		6BC13D4926314809007D7E44 /* TrueFalseControllerViewController.swift in Sources */ = {isa = PBXBuildFile; fileRef = 6BC13D4826314809007D7E44 /* TrueFalseControllerViewController.swift */; };
		AAB1B8FC263F4CB400437D66 /* QuestionTemplateViewController.swift in Sources */ = {isa = PBXBuildFile; fileRef = AAB1B8FB263F4CB400437D66 /* QuestionTemplateViewController.swift */; };
		AAB1B900263F4CE700437D66 /* ChecklistViewController.swift in Sources */ = {isa = PBXBuildFile; fileRef = AAB1B8FF263F4CE700437D66 /* ChecklistViewController.swift */; };
		AAB1B907263F508100437D66 /* RelateViewController.swift in Sources */ = {isa = PBXBuildFile; fileRef = AAB1B906263F508100437D66 /* RelateViewController.swift */; };
		AAB1B90F263F531D00437D66 /* Question.swift in Sources */ = {isa = PBXBuildFile; fileRef = AAB1B90E263F531D00437D66 /* Question.swift */; };
		AACB51D526436B5F00B32B8A /* GameOverViewController.swift in Sources */ = {isa = PBXBuildFile; fileRef = AACB51D426436B5F00B32B8A /* GameOverViewController.swift */; };
		CCF388022630BC940099B004 /* CourseTableViewController.swift in Sources */ = {isa = PBXBuildFile; fileRef = CCF388012630BC940099B004 /* CourseTableViewController.swift */; };
		CCF388052630C21A0099B004 /* Course.swift in Sources */ = {isa = PBXBuildFile; fileRef = CCF388042630C21A0099B004 /* Course.swift */; };
/* End PBXBuildFile section */

/* Begin PBXFileReference section */
		0422509D265DC87500E63012 /* HistorialResultadosVC.swift */ = {isa = PBXFileReference; lastKnownFileType = sourcecode.swift; path = HistorialResultadosVC.swift; sourceTree = "<group>"; };
		042250A3265DCC8800E63012 /* ResultCell.swift */ = {isa = PBXFileReference; lastKnownFileType = sourcecode.swift; path = ResultCell.swift; sourceTree = "<group>"; };
		042250A7265DD12E00E63012 /* JuegosVC.swift */ = {isa = PBXFileReference; lastKnownFileType = sourcecode.swift; path = JuegosVC.swift; sourceTree = "<group>"; };
		04316BD0265F100900B3D353 /* ConfiguracionVC.swift */ = {isa = PBXFileReference; lastKnownFileType = sourcecode.swift; path = ConfiguracionVC.swift; sourceTree = "<group>"; };
		04D03E65265DB35D00F93611 /* EditarPerfilVC.swift */ = {isa = PBXFileReference; lastKnownFileType = sourcecode.swift; path = EditarPerfilVC.swift; sourceTree = "<group>"; };
		6B0F6B7D264E295300BB4CEB /* view.swift */ = {isa = PBXFileReference; lastKnownFileType = sourcecode.swift; path = view.swift; sourceTree = "<group>"; };
		6B456F7A264E459000A6F577 /* InstructionsViewController.swift */ = {isa = PBXFileReference; lastKnownFileType = sourcecode.swift; path = InstructionsViewController.swift; sourceTree = "<group>"; };
		6B9772F3262DC22D007DDEDF /* conOSinTilde.app */ = {isa = PBXFileReference; explicitFileType = wrapper.application; includeInIndex = 0; path = conOSinTilde.app; sourceTree = BUILT_PRODUCTS_DIR; };
		6B9772F6262DC22D007DDEDF /* AppDelegate.swift */ = {isa = PBXFileReference; lastKnownFileType = sourcecode.swift; path = AppDelegate.swift; sourceTree = "<group>"; };
		6B9772F8262DC22D007DDEDF /* SceneDelegate.swift */ = {isa = PBXFileReference; lastKnownFileType = sourcecode.swift; path = SceneDelegate.swift; sourceTree = "<group>"; };
		6B9772FA262DC22D007DDEDF /* MenuController.swift */ = {isa = PBXFileReference; lastKnownFileType = sourcecode.swift; path = MenuController.swift; sourceTree = "<group>"; };
		6B9772FD262DC22D007DDEDF /* Base */ = {isa = PBXFileReference; lastKnownFileType = file.storyboard; name = Base; path = Base.lproj/Main.storyboard; sourceTree = "<group>"; };
		6B9772FF262DC22D007DDEDF /* Assets.xcassets */ = {isa = PBXFileReference; lastKnownFileType = folder.assetcatalog; path = Assets.xcassets; sourceTree = "<group>"; };
		6B977302262DC22D007DDEDF /* Base */ = {isa = PBXFileReference; lastKnownFileType = file.storyboard; name = Base; path = Base.lproj/LaunchScreen.storyboard; sourceTree = "<group>"; };
		6B977304262DC22D007DDEDF /* Info.plist */ = {isa = PBXFileReference; lastKnownFileType = text.plist.xml; path = Info.plist; sourceTree = "<group>"; };
		6BC13D2F26313793007D7E44 /* agudas.plist */ = {isa = PBXFileReference; lastKnownFileType = text.plist.xml; path = agudas.plist; sourceTree = "<group>"; };
		6BC13D3726313D2C007D7E44 /* AccentDetail.swift */ = {isa = PBXFileReference; lastKnownFileType = sourcecode.swift; path = AccentDetail.swift; sourceTree = "<group>"; };
		6BC13D3B26314365007D7E44 /* TrueFalse.swift */ = {isa = PBXFileReference; lastKnownFileType = sourcecode.swift; path = TrueFalse.swift; sourceTree = "<group>"; };
		6BC13D422631438B007D7E44 /* Checklist.swift */ = {isa = PBXFileReference; lastKnownFileType = sourcecode.swift; path = Checklist.swift; sourceTree = "<group>"; };
		6BC13D4526314394007D7E44 /* Relate.swift */ = {isa = PBXFileReference; lastKnownFileType = sourcecode.swift; path = Relate.swift; sourceTree = "<group>"; };
		6BC13D4826314809007D7E44 /* TrueFalseControllerViewController.swift */ = {isa = PBXFileReference; lastKnownFileType = sourcecode.swift; path = TrueFalseControllerViewController.swift; sourceTree = "<group>"; };
		AAB1B8FB263F4CB400437D66 /* QuestionTemplateViewController.swift */ = {isa = PBXFileReference; lastKnownFileType = sourcecode.swift; path = QuestionTemplateViewController.swift; sourceTree = "<group>"; };
		AAB1B8FF263F4CE700437D66 /* ChecklistViewController.swift */ = {isa = PBXFileReference; lastKnownFileType = sourcecode.swift; path = ChecklistViewController.swift; sourceTree = "<group>"; };
		AAB1B906263F508100437D66 /* RelateViewController.swift */ = {isa = PBXFileReference; lastKnownFileType = sourcecode.swift; path = RelateViewController.swift; sourceTree = "<group>"; };
		AAB1B90E263F531D00437D66 /* Question.swift */ = {isa = PBXFileReference; lastKnownFileType = sourcecode.swift; path = Question.swift; sourceTree = "<group>"; };
		AACB51D426436B5F00B32B8A /* GameOverViewController.swift */ = {isa = PBXFileReference; lastKnownFileType = sourcecode.swift; path = GameOverViewController.swift; sourceTree = "<group>"; };
		CCF388012630BC940099B004 /* CourseTableViewController.swift */ = {isa = PBXFileReference; lastKnownFileType = sourcecode.swift; path = CourseTableViewController.swift; sourceTree = "<group>"; };
		CCF388042630C21A0099B004 /* Course.swift */ = {isa = PBXFileReference; lastKnownFileType = sourcecode.swift; path = Course.swift; sourceTree = "<group>"; };
/* End PBXFileReference section */

/* Begin PBXFrameworksBuildPhase section */
		6B9772F0262DC22D007DDEDF /* Frameworks */ = {
			isa = PBXFrameworksBuildPhase;
			buildActionMask = 2147483647;
			files = (
			);
			runOnlyForDeploymentPostprocessing = 0;
		};
/* End PBXFrameworksBuildPhase section */

/* Begin PBXGroup section */
		042250A0265DCA6400E63012 /* Configuracion */ = {
			isa = PBXGroup;
			children = (
				04D03E65265DB35D00F93611 /* EditarPerfilVC.swift */,
				0422509D265DC87500E63012 /* HistorialResultadosVC.swift */,
				042250A3265DCC8800E63012 /* ResultCell.swift */,
				042250A7265DD12E00E63012 /* JuegosVC.swift */,
				04316BD0265F100900B3D353 /* ConfiguracionVC.swift */,
			);
			path = Configuracion;
			sourceTree = "<group>";
		};
		6B9772EA262DC22D007DDEDF = {
			isa = PBXGroup;
			children = (
				6B456F7A264E459000A6F577 /* InstructionsViewController.swift */,
				6B9772F5262DC22D007DDEDF /* conOSinTilde */,
				6B9772F4262DC22D007DDEDF /* Products */,
			);
			sourceTree = "<group>";
		};
		6B9772F4262DC22D007DDEDF /* Products */ = {
			isa = PBXGroup;
			children = (
				6B9772F3262DC22D007DDEDF /* conOSinTilde.app */,
			);
			name = Products;
			sourceTree = "<group>";
		};
		6B9772F5262DC22D007DDEDF /* conOSinTilde */ = {
			isa = PBXGroup;
			children = (
				6B9772F6262DC22D007DDEDF /* AppDelegate.swift */,
				6B9772F8262DC22D007DDEDF /* SceneDelegate.swift */,
				6B9772FA262DC22D007DDEDF /* MenuController.swift */,
				6B9772FC262DC22D007DDEDF /* Main.storyboard */,
				AACB51D426436B5F00B32B8A /* GameOverViewController.swift */,
				6BC13D3726313D2C007D7E44 /* AccentDetail.swift */,
				CCF388042630C21A0099B004 /* Course.swift */,
				042250A0265DCA6400E63012 /* Configuracion */,
				AAB1B8FE263F4CBD00437D66 /* QuestionMVCC */,
				CCF388012630BC940099B004 /* CourseTableViewController.swift */,
				6B9772FF262DC22D007DDEDF /* Assets.xcassets */,
				6B977301262DC22D007DDEDF /* LaunchScreen.storyboard */,
				6B977304262DC22D007DDEDF /* Info.plist */,
				6BC13D2F26313793007D7E44 /* agudas.plist */,
				6B0F6B7D264E295300BB4CEB /* view.swift */,
			);
			path = conOSinTilde;
			sourceTree = "<group>";
		};
		AAB1B8FE263F4CBD00437D66 /* QuestionMVCC */ = {
			isa = PBXGroup;
			children = (
				AACB51D726436BF300B32B8A /* TrueFalse */,
				AAB1B905263F505100437D66 /* Related */,
				AAB1B903263F4DCE00437D66 /* Checklist */,
				AAB1B8FB263F4CB400437D66 /* QuestionTemplateViewController.swift */,
				AAB1B90E263F531D00437D66 /* Question.swift */,
			);
			path = QuestionMVCC;
			sourceTree = "<group>";
		};
		AAB1B903263F4DCE00437D66 /* Checklist */ = {
			isa = PBXGroup;
			children = (
				6BC13D422631438B007D7E44 /* Checklist.swift */,
				AAB1B8FF263F4CE700437D66 /* ChecklistViewController.swift */,
			);
			path = Checklist;
			sourceTree = "<group>";
		};
		AAB1B905263F505100437D66 /* Related */ = {
			isa = PBXGroup;
			children = (
				6BC13D4526314394007D7E44 /* Relate.swift */,
				AAB1B906263F508100437D66 /* RelateViewController.swift */,
			);
			path = Related;
			sourceTree = "<group>";
		};
		AACB51D726436BF300B32B8A /* TrueFalse */ = {
			isa = PBXGroup;
			children = (
				6BC13D3B26314365007D7E44 /* TrueFalse.swift */,
				6BC13D4826314809007D7E44 /* TrueFalseControllerViewController.swift */,
			);
			path = TrueFalse;
			sourceTree = "<group>";
		};
/* End PBXGroup section */

/* Begin PBXNativeTarget section */
		6B9772F2262DC22D007DDEDF /* conOSinTilde */ = {
			isa = PBXNativeTarget;
			buildConfigurationList = 6B977307262DC22D007DDEDF /* Build configuration list for PBXNativeTarget "conOSinTilde" */;
			buildPhases = (
				6B9772EF262DC22D007DDEDF /* Sources */,
				6B9772F0262DC22D007DDEDF /* Frameworks */,
				6B9772F1262DC22D007DDEDF /* Resources */,
			);
			buildRules = (
			);
			dependencies = (
			);
			name = conOSinTilde;
			productName = conOSinTilde;
			productReference = 6B9772F3262DC22D007DDEDF /* conOSinTilde.app */;
			productType = "com.apple.product-type.application";
		};
/* End PBXNativeTarget section */

/* Begin PBXProject section */
		6B9772EB262DC22D007DDEDF /* Project object */ = {
			isa = PBXProject;
			attributes = {
				LastSwiftUpdateCheck = 1240;
				LastUpgradeCheck = 1240;
				TargetAttributes = {
					6B9772F2262DC22D007DDEDF = {
						CreatedOnToolsVersion = 12.4;
					};
				};
			};
			buildConfigurationList = 6B9772EE262DC22D007DDEDF /* Build configuration list for PBXProject "conOSinTilde" */;
			compatibilityVersion = "Xcode 9.3";
			developmentRegion = en;
			hasScannedForEncodings = 0;
			knownRegions = (
				en,
				Base,
			);
			mainGroup = 6B9772EA262DC22D007DDEDF;
			productRefGroup = 6B9772F4262DC22D007DDEDF /* Products */;
			projectDirPath = "";
			projectRoot = "";
			targets = (
				6B9772F2262DC22D007DDEDF /* conOSinTilde */,
			);
		};
/* End PBXProject section */

/* Begin PBXResourcesBuildPhase section */
		6B9772F1262DC22D007DDEDF /* Resources */ = {
			isa = PBXResourcesBuildPhase;
			buildActionMask = 2147483647;
			files = (
				6B977303262DC22D007DDEDF /* LaunchScreen.storyboard in Resources */,
				6B977300262DC22D007DDEDF /* Assets.xcassets in Resources */,
				6B9772FE262DC22D007DDEDF /* Main.storyboard in Resources */,
				6BC13D3026313793007D7E44 /* agudas.plist in Resources */,
			);
			runOnlyForDeploymentPostprocessing = 0;
		};
/* End PBXResourcesBuildPhase section */

/* Begin PBXSourcesBuildPhase section */
		6B9772EF262DC22D007DDEDF /* Sources */ = {
			isa = PBXSourcesBuildPhase;
			buildActionMask = 2147483647;
			files = (
				6B0F6B7E264E295300BB4CEB /* view.swift in Sources */,
				042250A8265DD12E00E63012 /* JuegosVC.swift in Sources */,
				6B456F7B264E459000A6F577 /* InstructionsViewController.swift in Sources */,
				6BC13D4926314809007D7E44 /* TrueFalseControllerViewController.swift in Sources */,
				6BC13D3826313D2C007D7E44 /* AccentDetail.swift in Sources */,
				6B9772FB262DC22D007DDEDF /* MenuController.swift in Sources */,
				AAB1B907263F508100437D66 /* RelateViewController.swift in Sources */,
				AAB1B900263F4CE700437D66 /* ChecklistViewController.swift in Sources */,
				AAB1B90F263F531D00437D66 /* Question.swift in Sources */,
				6B9772F7262DC22D007DDEDF /* AppDelegate.swift in Sources */,
				04D03E66265DB35D00F93611 /* EditarPerfilVC.swift in Sources */,
				6BC13D4626314394007D7E44 /* Relate.swift in Sources */,
				CCF388052630C21A0099B004 /* Course.swift in Sources */,
				0422509E265DC87500E63012 /* HistorialResultadosVC.swift in Sources */,
				6BC13D432631438B007D7E44 /* Checklist.swift in Sources */,
				AAB1B8FC263F4CB400437D66 /* QuestionTemplateViewController.swift in Sources */,
				CCF388022630BC940099B004 /* CourseTableViewController.swift in Sources */,
				6BC13D3C26314365007D7E44 /* TrueFalse.swift in Sources */,
				04316BD1265F100900B3D353 /* ConfiguracionVC.swift in Sources */,
				6B9772F9262DC22D007DDEDF /* SceneDelegate.swift in Sources */,
				042250A4265DCC8800E63012 /* ResultCell.swift in Sources */,
				AACB51D526436B5F00B32B8A /* GameOverViewController.swift in Sources */,
			);
			runOnlyForDeploymentPostprocessing = 0;
		};
/* End PBXSourcesBuildPhase section */

/* Begin PBXVariantGroup section */
		6B9772FC262DC22D007DDEDF /* Main.storyboard */ = {
			isa = PBXVariantGroup;
			children = (
				6B9772FD262DC22D007DDEDF /* Base */,
			);
			name = Main.storyboard;
			sourceTree = "<group>";
		};
		6B977301262DC22D007DDEDF /* LaunchScreen.storyboard */ = {
			isa = PBXVariantGroup;
			children = (
				6B977302262DC22D007DDEDF /* Base */,
			);
			name = LaunchScreen.storyboard;
			sourceTree = "<group>";
		};
/* End PBXVariantGroup section */

/* Begin XCBuildConfiguration section */
		6B977305262DC22D007DDEDF /* Debug */ = {
			isa = XCBuildConfiguration;
			buildSettings = {
				ALWAYS_SEARCH_USER_PATHS = NO;
				CLANG_ANALYZER_NONNULL = YES;
				CLANG_ANALYZER_NUMBER_OBJECT_CONVERSION = YES_AGGRESSIVE;
				CLANG_CXX_LANGUAGE_STANDARD = "gnu++14";
				CLANG_CXX_LIBRARY = "libc++";
				CLANG_ENABLE_MODULES = YES;
				CLANG_ENABLE_OBJC_ARC = YES;
				CLANG_ENABLE_OBJC_WEAK = YES;
				CLANG_WARN_BLOCK_CAPTURE_AUTORELEASING = YES;
				CLANG_WARN_BOOL_CONVERSION = YES;
				CLANG_WARN_COMMA = YES;
				CLANG_WARN_CONSTANT_CONVERSION = YES;
				CLANG_WARN_DEPRECATED_OBJC_IMPLEMENTATIONS = YES;
				CLANG_WARN_DIRECT_OBJC_ISA_USAGE = YES_ERROR;
				CLANG_WARN_DOCUMENTATION_COMMENTS = YES;
				CLANG_WARN_EMPTY_BODY = YES;
				CLANG_WARN_ENUM_CONVERSION = YES;
				CLANG_WARN_INFINITE_RECURSION = YES;
				CLANG_WARN_INT_CONVERSION = YES;
				CLANG_WARN_NON_LITERAL_NULL_CONVERSION = YES;
				CLANG_WARN_OBJC_IMPLICIT_RETAIN_SELF = YES;
				CLANG_WARN_OBJC_LITERAL_CONVERSION = YES;
				CLANG_WARN_OBJC_ROOT_CLASS = YES_ERROR;
				CLANG_WARN_QUOTED_INCLUDE_IN_FRAMEWORK_HEADER = YES;
				CLANG_WARN_RANGE_LOOP_ANALYSIS = YES;
				CLANG_WARN_STRICT_PROTOTYPES = YES;
				CLANG_WARN_SUSPICIOUS_MOVE = YES;
				CLANG_WARN_UNGUARDED_AVAILABILITY = YES_AGGRESSIVE;
				CLANG_WARN_UNREACHABLE_CODE = YES;
				CLANG_WARN__DUPLICATE_METHOD_MATCH = YES;
				COPY_PHASE_STRIP = NO;
				DEBUG_INFORMATION_FORMAT = dwarf;
				ENABLE_STRICT_OBJC_MSGSEND = YES;
				ENABLE_TESTABILITY = YES;
				GCC_C_LANGUAGE_STANDARD = gnu11;
				GCC_DYNAMIC_NO_PIC = NO;
				GCC_NO_COMMON_BLOCKS = YES;
				GCC_OPTIMIZATION_LEVEL = 0;
				GCC_PREPROCESSOR_DEFINITIONS = (
					"DEBUG=1",
					"$(inherited)",
				);
				GCC_WARN_64_TO_32_BIT_CONVERSION = YES;
				GCC_WARN_ABOUT_RETURN_TYPE = YES_ERROR;
				GCC_WARN_UNDECLARED_SELECTOR = YES;
				GCC_WARN_UNINITIALIZED_AUTOS = YES_AGGRESSIVE;
				GCC_WARN_UNUSED_FUNCTION = YES;
				GCC_WARN_UNUSED_VARIABLE = YES;
				IPHONEOS_DEPLOYMENT_TARGET = 14.4;
				MTL_ENABLE_DEBUG_INFO = INCLUDE_SOURCE;
				MTL_FAST_MATH = YES;
				ONLY_ACTIVE_ARCH = YES;
				SDKROOT = iphoneos;
				SWIFT_ACTIVE_COMPILATION_CONDITIONS = DEBUG;
				SWIFT_OPTIMIZATION_LEVEL = "-Onone";
			};
			name = Debug;
		};
		6B977306262DC22D007DDEDF /* Release */ = {
			isa = XCBuildConfiguration;
			buildSettings = {
				ALWAYS_SEARCH_USER_PATHS = NO;
				CLANG_ANALYZER_NONNULL = YES;
				CLANG_ANALYZER_NUMBER_OBJECT_CONVERSION = YES_AGGRESSIVE;
				CLANG_CXX_LANGUAGE_STANDARD = "gnu++14";
				CLANG_CXX_LIBRARY = "libc++";
				CLANG_ENABLE_MODULES = YES;
				CLANG_ENABLE_OBJC_ARC = YES;
				CLANG_ENABLE_OBJC_WEAK = YES;
				CLANG_WARN_BLOCK_CAPTURE_AUTORELEASING = YES;
				CLANG_WARN_BOOL_CONVERSION = YES;
				CLANG_WARN_COMMA = YES;
				CLANG_WARN_CONSTANT_CONVERSION = YES;
				CLANG_WARN_DEPRECATED_OBJC_IMPLEMENTATIONS = YES;
				CLANG_WARN_DIRECT_OBJC_ISA_USAGE = YES_ERROR;
				CLANG_WARN_DOCUMENTATION_COMMENTS = YES;
				CLANG_WARN_EMPTY_BODY = YES;
				CLANG_WARN_ENUM_CONVERSION = YES;
				CLANG_WARN_INFINITE_RECURSION = YES;
				CLANG_WARN_INT_CONVERSION = YES;
				CLANG_WARN_NON_LITERAL_NULL_CONVERSION = YES;
				CLANG_WARN_OBJC_IMPLICIT_RETAIN_SELF = YES;
				CLANG_WARN_OBJC_LITERAL_CONVERSION = YES;
				CLANG_WARN_OBJC_ROOT_CLASS = YES_ERROR;
				CLANG_WARN_QUOTED_INCLUDE_IN_FRAMEWORK_HEADER = YES;
				CLANG_WARN_RANGE_LOOP_ANALYSIS = YES;
				CLANG_WARN_STRICT_PROTOTYPES = YES;
				CLANG_WARN_SUSPICIOUS_MOVE = YES;
				CLANG_WARN_UNGUARDED_AVAILABILITY = YES_AGGRESSIVE;
				CLANG_WARN_UNREACHABLE_CODE = YES;
				CLANG_WARN__DUPLICATE_METHOD_MATCH = YES;
				COPY_PHASE_STRIP = NO;
				DEBUG_INFORMATION_FORMAT = "dwarf-with-dsym";
				ENABLE_NS_ASSERTIONS = NO;
				ENABLE_STRICT_OBJC_MSGSEND = YES;
				GCC_C_LANGUAGE_STANDARD = gnu11;
				GCC_NO_COMMON_BLOCKS = YES;
				GCC_WARN_64_TO_32_BIT_CONVERSION = YES;
				GCC_WARN_ABOUT_RETURN_TYPE = YES_ERROR;
				GCC_WARN_UNDECLARED_SELECTOR = YES;
				GCC_WARN_UNINITIALIZED_AUTOS = YES_AGGRESSIVE;
				GCC_WARN_UNUSED_FUNCTION = YES;
				GCC_WARN_UNUSED_VARIABLE = YES;
				IPHONEOS_DEPLOYMENT_TARGET = 14.4;
				MTL_ENABLE_DEBUG_INFO = NO;
				MTL_FAST_MATH = YES;
				SDKROOT = iphoneos;
				SWIFT_COMPILATION_MODE = wholemodule;
				SWIFT_OPTIMIZATION_LEVEL = "-O";
				VALIDATE_PRODUCT = YES;
			};
			name = Release;
		};
		6B977308262DC22D007DDEDF /* Debug */ = {
			isa = XCBuildConfiguration;
			buildSettings = {
				ASSETCATALOG_COMPILER_APPICON_NAME = AppIcon;
				ASSETCATALOG_COMPILER_GLOBAL_ACCENT_COLOR_NAME = AccentColor;
				CODE_SIGN_STYLE = Automatic;
				DEVELOPMENT_TEAM = 5ZUHGT2TP7;
				INFOPLIST_FILE = conOSinTilde/Info.plist;
				LD_RUNPATH_SEARCH_PATHS = (
					"$(inherited)",
					"@executable_path/Frameworks",
				);
				PRODUCT_BUNDLE_IDENTIFIER = com.tec.conOSinTilde;
				PRODUCT_NAME = "$(TARGET_NAME)";
				SWIFT_VERSION = 5.0;
				TARGETED_DEVICE_FAMILY = "1,2";
			};
			name = Debug;
		};
		6B977309262DC22D007DDEDF /* Release */ = {
			isa = XCBuildConfiguration;
			buildSettings = {
				ASSETCATALOG_COMPILER_APPICON_NAME = AppIcon;
				ASSETCATALOG_COMPILER_GLOBAL_ACCENT_COLOR_NAME = AccentColor;
				CODE_SIGN_STYLE = Automatic;
				DEVELOPMENT_TEAM = 5ZUHGT2TP7;
				INFOPLIST_FILE = conOSinTilde/Info.plist;
				LD_RUNPATH_SEARCH_PATHS = (
					"$(inherited)",
					"@executable_path/Frameworks",
				);
				PRODUCT_BUNDLE_IDENTIFIER = com.tec.conOSinTilde;
				PRODUCT_NAME = "$(TARGET_NAME)";
				SWIFT_VERSION = 5.0;
				TARGETED_DEVICE_FAMILY = "1,2";
			};
			name = Release;
		};
/* End XCBuildConfiguration section */

/* Begin XCConfigurationList section */
		6B9772EE262DC22D007DDEDF /* Build configuration list for PBXProject "conOSinTilde" */ = {
			isa = XCConfigurationList;
			buildConfigurations = (
				6B977305262DC22D007DDEDF /* Debug */,
				6B977306262DC22D007DDEDF /* Release */,
			);
			defaultConfigurationIsVisible = 0;
			defaultConfigurationName = Release;
		};
		6B977307262DC22D007DDEDF /* Build configuration list for PBXNativeTarget "conOSinTilde" */ = {
			isa = XCConfigurationList;
			buildConfigurations = (
				6B977308262DC22D007DDEDF /* Debug */,
				6B977309262DC22D007DDEDF /* Release */,
			);
			defaultConfigurationIsVisible = 0;
			defaultConfigurationName = Release;
		};
/* End XCConfigurationList section */
	};
	rootObject = 6B9772EB262DC22D007DDEDF /* Project object */;
}
